
Microsoft Visual Studio Solution File, Format Version 12.00
# Visual Studio Version 16
VisualStudioVersion = 16.0.30611.23
MinimumVisualStudioVersion = 10.0.40219.1
Project("{FAE04EC0-301F-11D3-BF4B-00C04F79EFBC}") = "AT4_EX1", "AT4_EX1\AT4_EX1.csproj", "{B9C4DF56-23EE-4BDC-9FC9-07C5D037DA4E}"
EndProject
Global
	GlobalSection(SolutionConfigurationPlatforms) = preSolution
		Debug|Any CPU = Debug|Any CPU
		Release|Any CPU = Release|Any CPU
	EndGlobalSection
	GlobalSection(ProjectConfigurationPlatforms) = postSolution
		{B9C4DF56-23EE-4BDC-9FC9-07C5D037DA4E}.Debug|Any CPU.ActiveCfg = Debug|Any CPU
		{B9C4DF56-23EE-4BDC-9FC9-07C5D037DA4E}.Debug|Any CPU.Build.0 = Debug|Any CPU
		{B9C4DF56-23EE-4BDC-9FC9-07C5D037DA4E}.Release|Any CPU.ActiveCfg = Release|Any CPU
		{B9C4DF56-23EE-4BDC-9FC9-07C5D037DA4E}.Release|Any CPU.Build.0 = Release|Any CPU
	EndGlobalSection
	GlobalSection(SolutionProperties) = preSolution
		HideSolutionNode = FALSE
	EndGlobalSection
	GlobalSection(ExtensibilityGlobals) = postSolution
		SolutionGuid = {23C61E0A-D392-44F9-8DA1-B3FF1F6C1D3D}
	EndGlobalSection
EndGlobal
